{
  "name": "sf_npm_array",
  "version": "1.0.0",
  "lockfileVersion": 2,
  "requires": true,
  "packages": {
    "": {
      "version": "1.0.0",
      "license": "ISC",
      "dependencies": {
        "array-tools": "^2.0.9"
      }
    },
    "node_modules/ansi-escape-sequences": {
      "version": "2.2.2",
      "resolved": "https://registry.npmjs.org/ansi-escape-sequences/-/ansi-escape-sequences-2.2.2.tgz",
      "integrity": "sha1-F0x41vi33nX4lXroHH9yIQxwFjU=",
      "dependencies": {
        "array-back": "^1.0.2",
        "collect-all": "~0.2.1"
      },
      "bin": {
        "ansi": "bin/cli.js"
      },
      "engines": {
        "node": ">=0.10.0"
      }
    },
    "node_modules/array-back": {
      "version": "1.0.4",
      "resolved": "https://registry.npmjs.org/array-back/-/array-back-1.0.4.tgz",
      "integrity": "sha1-ZEun8JX3/898Q7Xw3DnTwfA8Bjs=",
      "dependencies": {
        "typical": "^2.6.0"
      },
      "engines": {
        "node": ">=0.12.0"
      }
    },
    "node_modules/array-tools": {
      "version": "2.0.9",
      "resolved": "https://registry.npmjs.org/array-tools/-/array-tools-2.0.9.tgz",
      "integrity": "sha1-WlEd56Qb4O7J/9zUkS0K+fDKyjU=",
      "dependencies": {
        "ansi-escape-sequences": "^2.2.2",
        "array-back": "^1.0.2",
        "collect-json": "^1.0.7",
        "filter-where": "^1.0.1",
        "object-get": "^2.0.0",
        "reduce-extract": "^1.0.0",
        "reduce-flatten": "^1.0.0",
        "reduce-unique": "^1.0.0",
        "reduce-without": "^1.0.0",
        "sort-array": "^1.0.0",
        "test-value": "^1.0.1"
      },
      "bin": {
        "array-tools": "bin/cli.js"
      }
    },
    "node_modules/collect-all": {
      "version": "0.2.1",
      "resolved": "https://registry.npmjs.org/collect-all/-/collect-all-0.2.1.tgz",
      "integrity": "sha1-ciX7RYXCLU/6yIbwq69avFY6Gmo=",
      "dependencies": {
        "stream-connect": "^1.0.1",
        "stream-via": "~0.1.0",
        "typical": "^2.3.0"
      },
      "engines": {
        "node": ">=0.10.0"
      }
    },
    "node_modules/collect-json": {
      "version": "1.0.9",
      "resolved": "https://registry.npmjs.org/collect-json/-/collect-json-1.0.9.tgz",
      "integrity": "sha512-5sGzu8rjhY4uzm4FJOVsNtcAhNiyEsZ70Lz3xv+7mXuLfU41QikE0es3nn2N0knqEKg+r4K7TMFHFmR8OFGpFA==",
      "dependencies": {
        "collect-all": "^1.0.4",
        "stream-connect": "^1.0.2",
        "stream-via": "^1.0.4"
      },
      "engines": {
        "node": ">=0.10.0"
      }
    },
    "node_modules/collect-json/node_modules/collect-all": {
      "version": "1.0.4",
      "resolved": "https://registry.npmjs.org/collect-all/-/collect-all-1.0.4.tgz",
      "integrity": "sha512-RKZhRwJtJEP5FWul+gkSMEnaK6H3AGPTTWOiRimCcs+rc/OmQE3Yhy1Q7A7KsdkG3ZXVdZq68Y6ONSdvkeEcKA==",
      "dependencies": {
        "stream-connect": "^1.0.2",
        "stream-via": "^1.0.4"
      },
      "engines": {
        "node": ">=0.10.0"
      }
    },
    "node_modules/collect-json/node_modules/stream-via": {
      "version": "1.0.4",
      "resolved": "https://registry.npmjs.org/stream-via/-/stream-via-1.0.4.tgz",
      "integrity": "sha512-DBp0lSvX5G9KGRDTkR/R+a29H+Wk2xItOF+MpZLLNDWbEV9tGPnqLPxHEYjmiz8xGtJHRIqmI+hCjmNzqoA4nQ==",
      "engines": {
        "node": ">=0.10.0"
      }
    },
    "node_modules/filter-where": {
      "version": "1.0.1",
      "resolved": "https://registry.npmjs.org/filter-where/-/filter-where-1.0.1.tgz",
      "integrity": "sha1-GwQlae3ONrwcTp9zdA0sTi/u930=",
      "dependencies": {
        "test-value": "^1.0.1"
      },
      "engines": {
        "node": ">=0.10.0"
      }
    },
    "node_modules/object-get": {
      "version": "2.1.1",
      "resolved": "https://registry.npmjs.org/object-get/-/object-get-2.1.1.tgz",
      "integrity": "sha512-7n4IpLMzGGcLEMiQKsNR7vCe+N5E9LORFrtNUVy4sO3dj9a3HedZCxEL2T7QuLhcHN1NBuBsMOKaOsAYI9IIvg=="
    },
    "node_modules/reduce-extract": {
      "version": "1.0.0",
      "resolved": "https://registry.npmjs.org/reduce-extract/-/reduce-extract-1.0.0.tgz",
      "integrity": "sha1-Z/I4W+2mUGG19fQxJmLosIDKFSU=",
      "dependencies": {
        "test-value": "^1.0.1"
      },
      "engines": {
        "node": ">=0.10.0"
      }
    },
    "node_modules/reduce-flatten": {
      "version": "1.0.1",
      "resolved": "https://registry.npmjs.org/reduce-flatten/-/reduce-flatten-1.0.1.tgz",
      "integrity": "sha1-JYx479FT3fk8tWEjf2EYTzaW4yc=",
      "engines": {
        "node": ">=0.10.0"
      }
    },
    "node_modules/reduce-unique": {
      "version": "1.0.0",
      "resolved": "https://registry.npmjs.org/reduce-unique/-/reduce-unique-1.0.0.tgz",
      "integrity": "sha1-flhrz4ek4ytter2Cd/rWzeyfSAM=",
      "engines": {
        "node": ">=0.10.0"
      }
    },
    "node_modules/reduce-without": {
      "version": "1.0.1",
      "resolved": "https://registry.npmjs.org/reduce-without/-/reduce-without-1.0.1.tgz",
      "integrity": "sha1-aK0OrRGFXJo31OglbBW7+Hly/Iw=",
      "dependencies": {
        "test-value": "^2.0.0"
      },
      "engines": {
        "node": ">=0.10.0"
      }
    },
    "node_modules/reduce-without/node_modules/test-value": {
      "version": "2.1.0",
      "resolved": "https://registry.npmjs.org/test-value/-/test-value-2.1.0.tgz",
      "integrity": "sha1-Edpv9nDzRxpztiXKTz/c97t0gpE=",
      "dependencies": {
        "array-back": "^1.0.3",
        "typical": "^2.6.0"
      },
      "engines": {
        "node": ">=0.10.0"
      }
    },
    "node_modules/sort-array": {
      "version": "1.1.2",
      "resolved": "https://registry.npmjs.org/sort-array/-/sort-array-1.1.2.tgz",
      "integrity": "sha1-uImGBTwBcKf53mPxiknsecJMPmQ=",
      "dependencies": {
        "array-back": "^1.0.4",
        "object-get": "^2.1.0",
        "typical": "^2.6.0"
      },
      "engines": {
        "node": ">=4"
      }
    },
    "node_modules/stream-connect": {
      "version": "1.0.2",
      "resolved": "https://registry.npmjs.org/stream-connect/-/stream-connect-1.0.2.tgz",
      "integrity": "sha1-GLyB8u2zW4tdmoAJIAqYUxRCipc=",
      "dependencies": {
        "array-back": "^1.0.2"
      },
      "engines": {
        "node": ">=0.10.0"
      }
    },
    "node_modules/stream-via": {
      "version": "0.1.1",
      "resolved": "https://registry.npmjs.org/stream-via/-/stream-via-0.1.1.tgz",
      "integrity": "sha1-DO5d+clZ+x0/TtpIGfKJ1fkgWvw=",
      "engines": {
        "node": ">=0.10.0"
      }
    },
    "node_modules/test-value": {
      "version": "1.1.0",
      "resolved": "https://registry.npmjs.org/test-value/-/test-value-1.1.0.tgz",
      "integrity": "sha1-oJE29y7AQ9J8iTcHwrFZv6196T8=",
      "dependencies": {
        "array-back": "^1.0.2",
        "typical": "^2.4.2"
      },
      "engines": {
        "node": ">=0.10.0"
      }
    },
    "node_modules/typical": {
      "version": "2.6.1",
      "resolved": "https://registry.npmjs.org/typical/-/typical-2.6.1.tgz",
      "integrity": "sha1-XAgOXWYcu+OCWdLnCjxyU+hziB0="
    }
  },
  "dependencies": {
    "ansi-escape-sequences": {
      "version": "2.2.2",
      "resolved": "https://registry.npmjs.org/ansi-escape-sequences/-/ansi-escape-sequences-2.2.2.tgz",
      "integrity": "sha1-F0x41vi33nX4lXroHH9yIQxwFjU=",
      "requires": {
        "array-back": "^1.0.2",
        "collect-all": "~0.2.1"
      }
    },
    "array-back": {
      "version": "1.0.4",
      "resolved": "https://registry.npmjs.org/array-back/-/array-back-1.0.4.tgz",
      "integrity": "sha1-ZEun8JX3/898Q7Xw3DnTwfA8Bjs=",
      "requires": {
        "typical": "^2.6.0"
      }
    },
    "array-tools": {
      "version": "2.0.9",
      "resolved": "https://registry.npmjs.org/array-tools/-/array-tools-2.0.9.tgz",
      "integrity": "sha1-WlEd56Qb4O7J/9zUkS0K+fDKyjU=",
      "requires": {
        "ansi-escape-sequences": "^2.2.2",
        "array-back": "^1.0.2",
        "collect-json": "^1.0.7",
        "filter-where": "^1.0.1",
        "object-get": "^2.0.0",
        "reduce-extract": "^1.0.0",
        "reduce-flatten": "^1.0.0",
        "reduce-unique": "^1.0.0",
        "reduce-without": "^1.0.0",
        "sort-array": "^1.0.0",
        "test-value": "^1.0.1"
      }
    },
    "collect-all": {
      "version": "0.2.1",
      "resolved": "https://registry.npmjs.org/collect-all/-/collect-all-0.2.1.tgz",
      "integrity": "sha1-ciX7RYXCLU/6yIbwq69avFY6Gmo=",
      "requires": {
        "stream-connect": "^1.0.1",
        "stream-via": "~0.1.0",
        "typical": "^2.3.0"
      }
    },
    "collect-json": {
      "version": "1.0.9",
      "resolved": "https://registry.npmjs.org/collect-json/-/collect-json-1.0.9.tgz",
      "integrity": "sha512-5sGzu8rjhY4uzm4FJOVsNtcAhNiyEsZ70Lz3xv+7mXuLfU41QikE0es3nn2N0knqEKg+r4K7TMFHFmR8OFGpFA==",
      "requires": {
        "collect-all": "^1.0.4",
        "stream-connect": "^1.0.2",
        "stream-via": "^1.0.4"
      },
      "dependencies": {
        "collect-all": {
          "version": "1.0.4",
          "resolved": "https://registry.npmjs.org/collect-all/-/collect-all-1.0.4.tgz",
          "integrity": "sha512-RKZhRwJtJEP5FWul+gkSMEnaK6H3AGPTTWOiRimCcs+rc/OmQE3Yhy1Q7A7KsdkG3ZXVdZq68Y6ONSdvkeEcKA==",
          "requires": {
            "stream-connect": "^1.0.2",
            "stream-via": "^1.0.4"
          }
        },
        "stream-via": {
          "version": "1.0.4",
          "resolved": "https://registry.npmjs.org/stream-via/-/stream-via-1.0.4.tgz",
          "integrity": "sha512-DBp0lSvX5G9KGRDTkR/R+a29H+Wk2xItOF+MpZLLNDWbEV9tGPnqLPxHEYjmiz8xGtJHRIqmI+hCjmNzqoA4nQ=="
        }
      }
    },
    "filter-where": {
      "version": "1.0.1",
      "resolved": "https://registry.npmjs.org/filter-where/-/filter-where-1.0.1.tgz",
      "integrity": "sha1-GwQlae3ONrwcTp9zdA0sTi/u930=",
      "requires": {
        "test-value": "^1.0.1"
      }
    },
    "object-get": {
      "version": "2.1.1",
      "resolved": "https://registry.npmjs.org/object-get/-/object-get-2.1.1.tgz",
      "integrity": "sha512-7n4IpLMzGGcLEMiQKsNR7vCe+N5E9LORFrtNUVy4sO3dj9a3HedZCxEL2T7QuLhcHN1NBuBsMOKaOsAYI9IIvg=="
    },
    "reduce-extract": {
      "version": "1.0.0",
      "resolved": "https://registry.npmjs.org/reduce-extract/-/reduce-extract-1.0.0.tgz",
      "integrity": "sha1-Z/I4W+2mUGG19fQxJmLosIDKFSU=",
      "requires": {
        "test-value": "^1.0.1"
      }
    },
    "reduce-flatten": {
      "version": "1.0.1",
      "resolved": "https://registry.npmjs.org/reduce-flatten/-/reduce-flatten-1.0.1.tgz",
      "integrity": "sha1-JYx479FT3fk8tWEjf2EYTzaW4yc="
    },
    "reduce-unique": {
      "version": "1.0.0",
      "resolved": "https://registry.npmjs.org/reduce-unique/-/reduce-unique-1.0.0.tgz",
      "integrity": "sha1-flhrz4ek4ytter2Cd/rWzeyfSAM="
    },
    "reduce-without": {
      "version": "1.0.1",
      "resolved": "https://registry.npmjs.org/reduce-without/-/reduce-without-1.0.1.tgz",
      "integrity": "sha1-aK0OrRGFXJo31OglbBW7+Hly/Iw=",
      "requires": {
        "test-value": "^2.0.0"
      },
      "dependencies": {
        "test-value": {
          "version": "2.1.0",
          "resolved": "https://registry.npmjs.org/test-value/-/test-value-2.1.0.tgz",
          "integrity": "sha1-Edpv9nDzRxpztiXKTz/c97t0gpE=",
          "requires": {
            "array-back": "^1.0.3",
            "typical": "^2.6.0"
          }
        }
      }
    },
    "sort-array": {
      "version": "1.1.2",
      "resolved": "https://registry.npmjs.org/sort-array/-/sort-array-1.1.2.tgz",
      "integrity": "sha1-uImGBTwBcKf53mPxiknsecJMPmQ=",
      "requires": {
        "array-back": "^1.0.4",
        "object-get": "^2.1.0",
        "typical": "^2.6.0"
      }
    },
    "stream-connect": {
      "version": "1.0.2",
      "resolved": "https://registry.npmjs.org/stream-connect/-/stream-connect-1.0.2.tgz",
      "integrity": "sha1-GLyB8u2zW4tdmoAJIAqYUxRCipc=",
      "requires": {
        "array-back": "^1.0.2"
      }
    },
    "stream-via": {
      "version": "0.1.1",
      "resolved": "https://registry.npmjs.org/stream-via/-/stream-via-0.1.1.tgz",
      "integrity": "sha1-DO5d+clZ+x0/TtpIGfKJ1fkgWvw="
    },
    "test-value": {
      "version": "1.1.0",
      "resolved": "https://registry.npmjs.org/test-value/-/test-value-1.1.0.tgz",
      "integrity": "sha1-oJE29y7AQ9J8iTcHwrFZv6196T8=",
      "requires": {
        "array-back": "^1.0.2",
        "typical": "^2.4.2"
      }
    },
    "typical": {
      "version": "2.6.1",
      "resolved": "https://registry.npmjs.org/typical/-/typical-2.6.1.tgz",
      "integrity": "sha1-XAgOXWYcu+OCWdLnCjxyU+hziB0="
    }
  }
}
